
Microsoft Visual Studio Solution File, Format Version 12.00
# Visual Studio Version 17
VisualStudioVersion = 17.0.31521.260
MinimumVisualStudioVersion = 10.0.40219.1
Project("{FAE04EC0-301F-11D3-BF4B-00C04F79EFBC}") = "NCVR-WPF", "NCVR-WPF\NCVR-WPF.csproj", "{C3A0561C-97F5-47A1-A787-349D6BD86B44}"
EndProject
Global
	GlobalSection(SolutionConfigurationPlatforms) = preSolution
		Debug|Any CPU = Debug|Any CPU
		Release|Any CPU = Release|Any CPU
	EndGlobalSection
	GlobalSection(ProjectConfigurationPlatforms) = postSolution
		{C3A0561C-97F5-47A1-A787-349D6BD86B44}.Debug|Any CPU.ActiveCfg = Debug|Any CPU
		{C3A0561C-97F5-47A1-A787-349D6BD86B44}.Debug|Any CPU.Build.0 = Debug|Any CPU
		{C3A0561C-97F5-47A1-A787-349D6BD86B44}.Release|Any CPU.ActiveCfg = Release|Any CPU
		{C3A0561C-97F5-47A1-A787-349D6BD86B44}.Release|Any CPU.Build.0 = Release|Any CPU
	EndGlobalSection
	GlobalSection(SolutionProperties) = preSolution
		HideSolutionNode = FALSE
	EndGlobalSection
	GlobalSection(ExtensibilityGlobals) = postSolution
		SolutionGuid = {6A698B5E-7E61-4D49-8354-C2FE8E7D885C}
	EndGlobalSection
EndGlobal
